// !$*UTF8*$!
{
	archiveVersion = 1;
	classes = {
	};
	objectVersion = 50;
	objects = {

/* Begin PBXBuildFile section */
		6EA7448D26A17C8300FAAEF1 /* AppDelegate.m in Sources */ = {isa = PBXBuildFile; fileRef = 6EA7448C26A17C8300FAAEF1 /* AppDelegate.m */; };
		6EA7449826A17C8600FAAEF1 /* Assets.xcassets in Resources */ = {isa = PBXBuildFile; fileRef = 6EA7449726A17C8600FAAEF1 /* Assets.xcassets */; };
		6EA7449B26A17C8600FAAEF1 /* LaunchScreen.storyboard in Resources */ = {isa = PBXBuildFile; fileRef = 6EA7449926A17C8600FAAEF1 /* LaunchScreen.storyboard */; };
		6EA7449E26A17C8600FAAEF1 /* main.m in Sources */ = {isa = PBXBuildFile; fileRef = 6EA7449D26A17C8600FAAEF1 /* main.m */; };
		6EA744B326A17E7000FAAEF1 /* MainViewController.m in Sources */ = {isa = PBXBuildFile; fileRef = 6EA744B226A17E7000FAAEF1 /* MainViewController.m */; };
		6EA744B726A1808700FAAEF1 /* Main.xib in Resources */ = {isa = PBXBuildFile; fileRef = 6EA744B626A1808700FAAEF1 /* Main.xib */; };
		6EA744C126A1837400FAAEF1 /* Montserrat-Medium.ttf in Resources */ = {isa = PBXBuildFile; fileRef = 6EA744BA26A1830A00FAAEF1 /* Montserrat-Medium.ttf */; };
		6EA744C226A1837400FAAEF1 /* Montserrat-Regular.ttf in Resources */ = {isa = PBXBuildFile; fileRef = 6EA744BB26A1830A00FAAEF1 /* Montserrat-Regular.ttf */; };
/* End PBXBuildFile section */

/* Begin PBXFileReference section */
		6EA7448826A17C8300FAAEF1 /* RSSchool_T8.app */ = {isa = PBXFileReference; explicitFileType = wrapper.application; includeInIndex = 0; path = RSSchool_T8.app; sourceTree = BUILT_PRODUCTS_DIR; };
		6EA7448B26A17C8300FAAEF1 /* AppDelegate.h */ = {isa = PBXFileReference; lastKnownFileType = sourcecode.c.h; path = AppDelegate.h; sourceTree = "<group>"; };
		6EA7448C26A17C8300FAAEF1 /* AppDelegate.m */ = {isa = PBXFileReference; lastKnownFileType = sourcecode.c.objc; path = AppDelegate.m; sourceTree = "<group>"; };
		6EA7449726A17C8600FAAEF1 /* Assets.xcassets */ = {isa = PBXFileReference; lastKnownFileType = folder.assetcatalog; path = Assets.xcassets; sourceTree = "<group>"; };
		6EA7449A26A17C8600FAAEF1 /* Base */ = {isa = PBXFileReference; lastKnownFileType = file.storyboard; name = Base; path = Base.lproj/LaunchScreen.storyboard; sourceTree = "<group>"; };
		6EA7449C26A17C8600FAAEF1 /* Info.plist */ = {isa = PBXFileReference; lastKnownFileType = text.plist.xml; path = Info.plist; sourceTree = "<group>"; };
		6EA7449D26A17C8600FAAEF1 /* main.m */ = {isa = PBXFileReference; lastKnownFileType = sourcecode.c.objc; path = main.m; sourceTree = "<group>"; };
		6EA744B126A17E7000FAAEF1 /* MainViewController.h */ = {isa = PBXFileReference; lastKnownFileType = sourcecode.c.h; path = MainViewController.h; sourceTree = "<group>"; };
		6EA744B226A17E7000FAAEF1 /* MainViewController.m */ = {isa = PBXFileReference; lastKnownFileType = sourcecode.c.objc; path = MainViewController.m; sourceTree = "<group>"; };
		6EA744B626A1808700FAAEF1 /* Main.xib */ = {isa = PBXFileReference; lastKnownFileType = file.xib; path = Main.xib; sourceTree = "<group>"; };
		6EA744BA26A1830A00FAAEF1 /* Montserrat-Medium.ttf */ = {isa = PBXFileReference; lastKnownFileType = file; name = "Montserrat-Medium.ttf"; path = "../../../../../Downloads/RSSchool_T8_Fonts/Montserrat-Medium.ttf"; sourceTree = "<group>"; };
		6EA744BB26A1830A00FAAEF1 /* Montserrat-Regular.ttf */ = {isa = PBXFileReference; lastKnownFileType = file; name = "Montserrat-Regular.ttf"; path = "../../../../../Downloads/RSSchool_T8_Fonts/Montserrat-Regular.ttf"; sourceTree = "<group>"; };
/* End PBXFileReference section */

/* Begin PBXFrameworksBuildPhase section */
		6EA7448526A17C8300FAAEF1 /* Frameworks */ = {
			isa = PBXFrameworksBuildPhase;
			buildActionMask = 2147483647;
			files = (
			);
			runOnlyForDeploymentPostprocessing = 0;
		};
/* End PBXFrameworksBuildPhase section */

/* Begin PBXGroup section */
		6EA7447F26A17C8300FAAEF1 = {
			isa = PBXGroup;
			children = (
				6EA7448A26A17C8300FAAEF1 /* RSSchool_T8 */,
				6EA7448926A17C8300FAAEF1 /* Products */,
			);
			sourceTree = "<group>";
		};
		6EA7448926A17C8300FAAEF1 /* Products */ = {
			isa = PBXGroup;
			children = (
				6EA7448826A17C8300FAAEF1 /* RSSchool_T8.app */,
			);
			name = Products;
			sourceTree = "<group>";
		};
		6EA7448A26A17C8300FAAEF1 /* RSSchool_T8 */ = {
			isa = PBXGroup;
			children = (
				6EA744C426A189FE00FAAEF1 /* Application */,
				6EA744B926A182EF00FAAEF1 /* Fonts */,
				6EA744B126A17E7000FAAEF1 /* MainViewController.h */,
				6EA744B626A1808700FAAEF1 /* Main.xib */,
				6EA744B226A17E7000FAAEF1 /* MainViewController.m */,
			);
			path = RSSchool_T8;
			sourceTree = "<group>";
		};
		6EA744B926A182EF00FAAEF1 /* Fonts */ = {
			isa = PBXGroup;
			children = (
				6EA744BA26A1830A00FAAEF1 /* Montserrat-Medium.ttf */,
				6EA744BB26A1830A00FAAEF1 /* Montserrat-Regular.ttf */,
			);
			path = Fonts;
			sourceTree = "<group>";
		};
		6EA744C426A189FE00FAAEF1 /* Application */ = {
			isa = PBXGroup;
			children = (
				6EA7449D26A17C8600FAAEF1 /* main.m */,
				6EA7449C26A17C8600FAAEF1 /* Info.plist */,
				6EA7449726A17C8600FAAEF1 /* Assets.xcassets */,
				6EA7449926A17C8600FAAEF1 /* LaunchScreen.storyboard */,
				6EA7448B26A17C8300FAAEF1 /* AppDelegate.h */,
				6EA7448C26A17C8300FAAEF1 /* AppDelegate.m */,
			);
			path = Application;
			sourceTree = "<group>";
		};
/* End PBXGroup section */

/* Begin PBXNativeTarget section */
		6EA7448726A17C8300FAAEF1 /* RSSchool_T8 */ = {
			isa = PBXNativeTarget;
			buildConfigurationList = 6EA744A126A17C8600FAAEF1 /* Build configuration list for PBXNativeTarget "RSSchool_T8" */;
			buildPhases = (
				6EA7448426A17C8300FAAEF1 /* Sources */,
				6EA7448526A17C8300FAAEF1 /* Frameworks */,
				6EA7448626A17C8300FAAEF1 /* Resources */,
			);
			buildRules = (
			);
			dependencies = (
			);
			name = RSSchool_T8;
			productName = RSSchool_T8;
			productReference = 6EA7448826A17C8300FAAEF1 /* RSSchool_T8.app */;
			productType = "com.apple.product-type.application";
		};
/* End PBXNativeTarget section */

/* Begin PBXProject section */
		6EA7448026A17C8300FAAEF1 /* Project object */ = {
			isa = PBXProject;
			attributes = {
				LastUpgradeCheck = 1240;
				TargetAttributes = {
					6EA7448726A17C8300FAAEF1 = {
						CreatedOnToolsVersion = 12.4;
					};
				};
			};
			buildConfigurationList = 6EA7448326A17C8300FAAEF1 /* Build configuration list for PBXProject "RSSchool_T8" */;
			compatibilityVersion = "Xcode 9.3";
			developmentRegion = en;
			hasScannedForEncodings = 0;
			knownRegions = (
				en,
				Base,
			);
			mainGroup = 6EA7447F26A17C8300FAAEF1;
			productRefGroup = 6EA7448926A17C8300FAAEF1 /* Products */;
			projectDirPath = "";
			projectRoot = "";
			targets = (
				6EA7448726A17C8300FAAEF1 /* RSSchool_T8 */,
			);
		};
/* End PBXProject section */

/* Begin PBXResourcesBuildPhase section */
		6EA7448626A17C8300FAAEF1 /* Resources */ = {
			isa = PBXResourcesBuildPhase;
			buildActionMask = 2147483647;
			files = (
				6EA7449B26A17C8600FAAEF1 /* LaunchScreen.storyboard in Resources */,
				6EA744B726A1808700FAAEF1 /* Main.xib in Resources */,
				6EA744C126A1837400FAAEF1 /* Montserrat-Medium.ttf in Resources */,
				6EA744C226A1837400FAAEF1 /* Montserrat-Regular.ttf in Resources */,
				6EA7449826A17C8600FAAEF1 /* Assets.xcassets in Resources */,
			);
			runOnlyForDeploymentPostprocessing = 0;
		};
/* End PBXResourcesBuildPhase section */

/* Begin PBXSourcesBuildPhase section */
		6EA7448426A17C8300FAAEF1 /* Sources */ = {
			isa = PBXSourcesBuildPhase;
			buildActionMask = 2147483647;
			files = (
				6EA7448D26A17C8300FAAEF1 /* AppDelegate.m in Sources */,
				6EA744B326A17E7000FAAEF1 /* MainViewController.m in Sources */,
				6EA7449E26A17C8600FAAEF1 /* main.m in Sources */,
			);
			runOnlyForDeploymentPostprocessing = 0;
		};
/* End PBXSourcesBuildPhase section */

/* Begin PBXVariantGroup section */
		6EA7449926A17C8600FAAEF1 /* LaunchScreen.storyboard */ = {
			isa = PBXVariantGroup;
			children = (
				6EA7449A26A17C8600FAAEF1 /* Base */,
			);
			name = LaunchScreen.storyboard;
			sourceTree = "<group>";
		};
/* End PBXVariantGroup section */

/* Begin XCBuildConfiguration section */
		6EA7449F26A17C8600FAAEF1 /* Debug */ = {
			isa = XCBuildConfiguration;
			buildSettings = {
				ALWAYS_SEARCH_USER_PATHS = NO;
				CLANG_ANALYZER_NONNULL = YES;
				CLANG_ANALYZER_NUMBER_OBJECT_CONVERSION = YES_AGGRESSIVE;
				CLANG_CXX_LANGUAGE_STANDARD = "gnu++14";
				CLANG_CXX_LIBRARY = "libc++";
				CLANG_ENABLE_MODULES = YES;
				CLANG_ENABLE_OBJC_ARC = YES;
				CLANG_ENABLE_OBJC_WEAK = YES;
				CLANG_WARN_BLOCK_CAPTURE_AUTORELEASING = YES;
				CLANG_WARN_BOOL_CONVERSION = YES;
				CLANG_WARN_COMMA = YES;
				CLANG_WARN_CONSTANT_CONVERSION = YES;
				CLANG_WARN_DEPRECATED_OBJC_IMPLEMENTATIONS = YES;
				CLANG_WARN_DIRECT_OBJC_ISA_USAGE = YES_ERROR;
				CLANG_WARN_DOCUMENTATION_COMMENTS = YES;
				CLANG_WARN_EMPTY_BODY = YES;
				CLANG_WARN_ENUM_CONVERSION = YES;
				CLANG_WARN_INFINITE_RECURSION = YES;
				CLANG_WARN_INT_CONVERSION = YES;
				CLANG_WARN_NON_LITERAL_NULL_CONVERSION = YES;
				CLANG_WARN_OBJC_IMPLICIT_RETAIN_SELF = YES;
				CLANG_WARN_OBJC_LITERAL_CONVERSION = YES;
				CLANG_WARN_OBJC_ROOT_CLASS = YES_ERROR;
				CLANG_WARN_QUOTED_INCLUDE_IN_FRAMEWORK_HEADER = YES;
				CLANG_WARN_RANGE_LOOP_ANALYSIS = YES;
				CLANG_WARN_STRICT_PROTOTYPES = YES;
				CLANG_WARN_SUSPICIOUS_MOVE = YES;
				CLANG_WARN_UNGUARDED_AVAILABILITY = YES_AGGRESSIVE;
				CLANG_WARN_UNREACHABLE_CODE = YES;
				CLANG_WARN__DUPLICATE_METHOD_MATCH = YES;
				COPY_PHASE_STRIP = NO;
				DEBUG_INFORMATION_FORMAT = dwarf;
				ENABLE_STRICT_OBJC_MSGSEND = YES;
				ENABLE_TESTABILITY = YES;
				GCC_C_LANGUAGE_STANDARD = gnu11;
				GCC_DYNAMIC_NO_PIC = NO;
				GCC_NO_COMMON_BLOCKS = YES;
				GCC_OPTIMIZATION_LEVEL = 0;
				GCC_PREPROCESSOR_DEFINITIONS = (
					"DEBUG=1",
					"$(inherited)",
				);
				GCC_WARN_64_TO_32_BIT_CONVERSION = YES;
				GCC_WARN_ABOUT_RETURN_TYPE = YES_ERROR;
				GCC_WARN_UNDECLARED_SELECTOR = YES;
				GCC_WARN_UNINITIALIZED_AUTOS = YES_AGGRESSIVE;
				GCC_WARN_UNUSED_FUNCTION = YES;
				GCC_WARN_UNUSED_VARIABLE = YES;
				IPHONEOS_DEPLOYMENT_TARGET = 14.4;
				MTL_ENABLE_DEBUG_INFO = INCLUDE_SOURCE;
				MTL_FAST_MATH = YES;
				ONLY_ACTIVE_ARCH = YES;
				SDKROOT = iphoneos;
			};
			name = Debug;
		};
		6EA744A026A17C8600FAAEF1 /* Release */ = {
			isa = XCBuildConfiguration;
			buildSettings = {
				ALWAYS_SEARCH_USER_PATHS = NO;
				CLANG_ANALYZER_NONNULL = YES;
				CLANG_ANALYZER_NUMBER_OBJECT_CONVERSION = YES_AGGRESSIVE;
				CLANG_CXX_LANGUAGE_STANDARD = "gnu++14";
				CLANG_CXX_LIBRARY = "libc++";
				CLANG_ENABLE_MODULES = YES;
				CLANG_ENABLE_OBJC_ARC = YES;
				CLANG_ENABLE_OBJC_WEAK = YES;
				CLANG_WARN_BLOCK_CAPTURE_AUTORELEASING = YES;
				CLANG_WARN_BOOL_CONVERSION = YES;
				CLANG_WARN_COMMA = YES;
				CLANG_WARN_CONSTANT_CONVERSION = YES;
				CLANG_WARN_DEPRECATED_OBJC_IMPLEMENTATIONS = YES;
				CLANG_WARN_DIRECT_OBJC_ISA_USAGE = YES_ERROR;
				CLANG_WARN_DOCUMENTATION_COMMENTS = YES;
				CLANG_WARN_EMPTY_BODY = YES;
				CLANG_WARN_ENUM_CONVERSION = YES;
				CLANG_WARN_INFINITE_RECURSION = YES;
				CLANG_WARN_INT_CONVERSION = YES;
				CLANG_WARN_NON_LITERAL_NULL_CONVERSION = YES;
				CLANG_WARN_OBJC_IMPLICIT_RETAIN_SELF = YES;
				CLANG_WARN_OBJC_LITERAL_CONVERSION = YES;
				CLANG_WARN_OBJC_ROOT_CLASS = YES_ERROR;
				CLANG_WARN_QUOTED_INCLUDE_IN_FRAMEWORK_HEADER = YES;
				CLANG_WARN_RANGE_LOOP_ANALYSIS = YES;
				CLANG_WARN_STRICT_PROTOTYPES = YES;
				CLANG_WARN_SUSPICIOUS_MOVE = YES;
				CLANG_WARN_UNGUARDED_AVAILABILITY = YES_AGGRESSIVE;
				CLANG_WARN_UNREACHABLE_CODE = YES;
				CLANG_WARN__DUPLICATE_METHOD_MATCH = YES;
				COPY_PHASE_STRIP = NO;
				DEBUG_INFORMATION_FORMAT = "dwarf-with-dsym";
				ENABLE_NS_ASSERTIONS = NO;
				ENABLE_STRICT_OBJC_MSGSEND = YES;
				GCC_C_LANGUAGE_STANDARD = gnu11;
				GCC_NO_COMMON_BLOCKS = YES;
				GCC_WARN_64_TO_32_BIT_CONVERSION = YES;
				GCC_WARN_ABOUT_RETURN_TYPE = YES_ERROR;
				GCC_WARN_UNDECLARED_SELECTOR = YES;
				GCC_WARN_UNINITIALIZED_AUTOS = YES_AGGRESSIVE;
				GCC_WARN_UNUSED_FUNCTION = YES;
				GCC_WARN_UNUSED_VARIABLE = YES;
				IPHONEOS_DEPLOYMENT_TARGET = 14.4;
				MTL_ENABLE_DEBUG_INFO = NO;
				MTL_FAST_MATH = YES;
				SDKROOT = iphoneos;
				VALIDATE_PRODUCT = YES;
			};
			name = Release;
		};
		6EA744A226A17C8600FAAEF1 /* Debug */ = {
			isa = XCBuildConfiguration;
			buildSettings = {
				ASSETCATALOG_COMPILER_APPICON_NAME = AppIcon;
				ASSETCATALOG_COMPILER_GLOBAL_ACCENT_COLOR_NAME = AccentColor;
				CODE_SIGN_STYLE = Automatic;
				DEVELOPMENT_TEAM = 97TSG2SA93;
				INFOPLIST_FILE = RSSchool_T8/Info.plist;
				IPHONEOS_DEPLOYMENT_TARGET = 12.1;
				LD_RUNPATH_SEARCH_PATHS = (
					"$(inherited)",
					"@executable_path/Frameworks",
				);
				PRODUCT_BUNDLE_IDENTIFIER = "com.artyomsog.RSSchool-T8";
				PRODUCT_NAME = "$(TARGET_NAME)";
				TARGETED_DEVICE_FAMILY = "1,2";
			};
			name = Debug;
		};
		6EA744A326A17C8600FAAEF1 /* Release */ = {
			isa = XCBuildConfiguration;
			buildSettings = {
				ASSETCATALOG_COMPILER_APPICON_NAME = AppIcon;
				ASSETCATALOG_COMPILER_GLOBAL_ACCENT_COLOR_NAME = AccentColor;
				CODE_SIGN_STYLE = Automatic;
				DEVELOPMENT_TEAM = 97TSG2SA93;
				INFOPLIST_FILE = RSSchool_T8/Info.plist;
				IPHONEOS_DEPLOYMENT_TARGET = 12.1;
				LD_RUNPATH_SEARCH_PATHS = (
					"$(inherited)",
					"@executable_path/Frameworks",
				);
				PRODUCT_BUNDLE_IDENTIFIER = "com.artyomsog.RSSchool-T8";
				PRODUCT_NAME = "$(TARGET_NAME)";
				TARGETED_DEVICE_FAMILY = "1,2";
			};
			name = Release;
		};
/* End XCBuildConfiguration section */

/* Begin XCConfigurationList section */
		6EA7448326A17C8300FAAEF1 /* Build configuration list for PBXProject "RSSchool_T8" */ = {
			isa = XCConfigurationList;
			buildConfigurations = (
				6EA7449F26A17C8600FAAEF1 /* Debug */,
				6EA744A026A17C8600FAAEF1 /* Release */,
			);
			defaultConfigurationIsVisible = 0;
			defaultConfigurationName = Release;
		};
		6EA744A126A17C8600FAAEF1 /* Build configuration list for PBXNativeTarget "RSSchool_T8" */ = {
			isa = XCConfigurationList;
			buildConfigurations = (
				6EA744A226A17C8600FAAEF1 /* Debug */,
				6EA744A326A17C8600FAAEF1 /* Release */,
			);
			defaultConfigurationIsVisible = 0;
			defaultConfigurationName = Release;
		};
/* End XCConfigurationList section */
	};
	rootObject = 6EA7448026A17C8300FAAEF1 /* Project object */;
}
