// !$*UTF8*$!
{
	archiveVersion = 1;
	classes = {
	};
	objectVersion = 50;
	objects = {

/* Begin PBXBuildFile section */
		6E3DA91826A41D1100B52834 /* PalleteViewController.m in Sources */ = {isa = PBXBuildFile; fileRef = 6E3DA91726A41D1100B52834 /* PalleteViewController.m */; };
		6E3DA91F26A4222C00B52834 /* Pallete.xib in Resources */ = {isa = PBXBuildFile; fileRef = 6E3DA91E26A4222C00B52834 /* Pallete.xib */; };
		6E3DA92A26A4728B00B52834 /* HalfPresentationController.m in Sources */ = {isa = PBXBuildFile; fileRef = 6E3DA92926A4728B00B52834 /* HalfPresentationController.m */; };
		6E3DA93626A4794B00B52834 /* PalleteView.m in Sources */ = {isa = PBXBuildFile; fileRef = 6E3DA93526A4794B00B52834 /* PalleteView.m */; };
		6E3DA94426A49C5200B52834 /* ColorButton.m in Sources */ = {isa = PBXBuildFile; fileRef = 6E3DA94326A49C5200B52834 /* ColorButton.m */; };
		6E3DA94826A49E1400B52834 /* BaseButton.m in Sources */ = {isa = PBXBuildFile; fileRef = 6E3DA94726A49E1400B52834 /* BaseButton.m */; };
		6E3DA94F26A5ABA500B52834 /* CanvasViewController.m in Sources */ = {isa = PBXBuildFile; fileRef = 6E3DA94E26A5ABA500B52834 /* CanvasViewController.m */; };
		6E3DA95426A5AF6200B52834 /* Head.m in Sources */ = {isa = PBXBuildFile; fileRef = 6E3DA95326A5AF6200B52834 /* Head.m */; };
		6E3DA95B26A5C3C800B52834 /* DrawingViewController.swift in Sources */ = {isa = PBXBuildFile; fileRef = 6E3DA95A26A5C3C800B52834 /* DrawingViewController.swift */; };
		6E3DA95E26A5C46600B52834 /* Drawing.xib in Resources */ = {isa = PBXBuildFile; fileRef = 6E3DA95D26A5C46600B52834 /* Drawing.xib */; };
		6E3DA96E26A5E64600B52834 /* TimerViewController.swift in Sources */ = {isa = PBXBuildFile; fileRef = 6E3DA96D26A5E64600B52834 /* TimerViewController.swift */; };
		6E3DA97226A5E88300B52834 /* Timer.xib in Resources */ = {isa = PBXBuildFile; fileRef = 6E3DA97126A5E88300B52834 /* Timer.xib */; };
		6EA7448D26A17C8300FAAEF1 /* AppDelegate.m in Sources */ = {isa = PBXBuildFile; fileRef = 6EA7448C26A17C8300FAAEF1 /* AppDelegate.m */; };
		6EA7449826A17C8600FAAEF1 /* Assets.xcassets in Resources */ = {isa = PBXBuildFile; fileRef = 6EA7449726A17C8600FAAEF1 /* Assets.xcassets */; };
		6EA7449B26A17C8600FAAEF1 /* LaunchScreen.storyboard in Resources */ = {isa = PBXBuildFile; fileRef = 6EA7449926A17C8600FAAEF1 /* LaunchScreen.storyboard */; };
		6EA7449E26A17C8600FAAEF1 /* main.m in Sources */ = {isa = PBXBuildFile; fileRef = 6EA7449D26A17C8600FAAEF1 /* main.m */; };
		6EA744B326A17E7000FAAEF1 /* ArtistViewController.m in Sources */ = {isa = PBXBuildFile; fileRef = 6EA744B226A17E7000FAAEF1 /* ArtistViewController.m */; };
		6EA744B726A1808700FAAEF1 /* Artist.xib in Resources */ = {isa = PBXBuildFile; fileRef = 6EA744B626A1808700FAAEF1 /* Artist.xib */; };
		6EA744C126A1837400FAAEF1 /* Montserrat-Medium.ttf in Resources */ = {isa = PBXBuildFile; fileRef = 6EA744BA26A1830A00FAAEF1 /* Montserrat-Medium.ttf */; };
		6EA744C226A1837400FAAEF1 /* Montserrat-Regular.ttf in Resources */ = {isa = PBXBuildFile; fileRef = 6EA744BB26A1830A00FAAEF1 /* Montserrat-Regular.ttf */; };
		6EA744D626A1E5FC00FAAEF1 /* UIColor+AppColor.m in Sources */ = {isa = PBXBuildFile; fileRef = 6EA744D526A1E5FC00FAAEF1 /* UIColor+AppColor.m */; };
		6EA744E026A2F58200FAAEF1 /* CanvasView.m in Sources */ = {isa = PBXBuildFile; fileRef = 6EA744DF26A2F58200FAAEF1 /* CanvasView.m */; };
		6EA744F126A2FD7500FAAEF1 /* ArtistView.m in Sources */ = {isa = PBXBuildFile; fileRef = 6EA744F026A2FD7500FAAEF1 /* ArtistView.m */; };
		6EA744FE26A3125E00FAAEF1 /* UIButton+AppButton.m in Sources */ = {isa = PBXBuildFile; fileRef = 6EA744FD26A3125E00FAAEF1 /* UIButton+AppButton.m */; };
/* End PBXBuildFile section */

/* Begin PBXFileReference section */
		6E3DA91626A41D1100B52834 /* PalleteViewController.h */ = {isa = PBXFileReference; lastKnownFileType = sourcecode.c.h; path = PalleteViewController.h; sourceTree = "<group>"; };
		6E3DA91726A41D1100B52834 /* PalleteViewController.m */ = {isa = PBXFileReference; lastKnownFileType = sourcecode.c.objc; path = PalleteViewController.m; sourceTree = "<group>"; };
		6E3DA91E26A4222C00B52834 /* Pallete.xib */ = {isa = PBXFileReference; lastKnownFileType = file.xib; path = Pallete.xib; sourceTree = "<group>"; };
		6E3DA92826A4728B00B52834 /* HalfPresentationController.h */ = {isa = PBXFileReference; lastKnownFileType = sourcecode.c.h; path = HalfPresentationController.h; sourceTree = "<group>"; };
		6E3DA92926A4728B00B52834 /* HalfPresentationController.m */ = {isa = PBXFileReference; lastKnownFileType = sourcecode.c.objc; path = HalfPresentationController.m; sourceTree = "<group>"; };
		6E3DA93426A4794B00B52834 /* PalleteView.h */ = {isa = PBXFileReference; lastKnownFileType = sourcecode.c.h; path = PalleteView.h; sourceTree = "<group>"; };
		6E3DA93526A4794B00B52834 /* PalleteView.m */ = {isa = PBXFileReference; lastKnownFileType = sourcecode.c.objc; path = PalleteView.m; sourceTree = "<group>"; };
		6E3DA94226A49C5200B52834 /* ColorButton.h */ = {isa = PBXFileReference; lastKnownFileType = sourcecode.c.h; path = ColorButton.h; sourceTree = "<group>"; };
		6E3DA94326A49C5200B52834 /* ColorButton.m */ = {isa = PBXFileReference; lastKnownFileType = sourcecode.c.objc; path = ColorButton.m; sourceTree = "<group>"; };
		6E3DA94626A49E1400B52834 /* BaseButton.h */ = {isa = PBXFileReference; lastKnownFileType = sourcecode.c.h; path = BaseButton.h; sourceTree = "<group>"; };
		6E3DA94726A49E1400B52834 /* BaseButton.m */ = {isa = PBXFileReference; lastKnownFileType = sourcecode.c.objc; path = BaseButton.m; sourceTree = "<group>"; };
		6E3DA94D26A5ABA500B52834 /* CanvasViewController.h */ = {isa = PBXFileReference; lastKnownFileType = sourcecode.c.h; path = CanvasViewController.h; sourceTree = "<group>"; };
		6E3DA94E26A5ABA500B52834 /* CanvasViewController.m */ = {isa = PBXFileReference; lastKnownFileType = sourcecode.c.objc; path = CanvasViewController.m; sourceTree = "<group>"; };
		6E3DA95226A5AF6200B52834 /* Head.h */ = {isa = PBXFileReference; lastKnownFileType = sourcecode.c.h; path = Head.h; sourceTree = "<group>"; };
		6E3DA95326A5AF6200B52834 /* Head.m */ = {isa = PBXFileReference; lastKnownFileType = sourcecode.c.objc; path = Head.m; sourceTree = "<group>"; };
		6E3DA95926A5C3C700B52834 /* RSSchool_T8-Bridging-Header.h */ = {isa = PBXFileReference; lastKnownFileType = sourcecode.c.h; path = "RSSchool_T8-Bridging-Header.h"; sourceTree = "<group>"; };
		6E3DA95A26A5C3C800B52834 /* DrawingViewController.swift */ = {isa = PBXFileReference; lastKnownFileType = sourcecode.swift; path = DrawingViewController.swift; sourceTree = "<group>"; };
		6E3DA95D26A5C46600B52834 /* Drawing.xib */ = {isa = PBXFileReference; lastKnownFileType = file.xib; path = Drawing.xib; sourceTree = "<group>"; };
		6E3DA96D26A5E64600B52834 /* TimerViewController.swift */ = {isa = PBXFileReference; lastKnownFileType = sourcecode.swift; path = TimerViewController.swift; sourceTree = "<group>"; };
		6E3DA97126A5E88300B52834 /* Timer.xib */ = {isa = PBXFileReference; lastKnownFileType = file.xib; path = Timer.xib; sourceTree = "<group>"; };
		6EA7448826A17C8300FAAEF1 /* RSSchool_T8.app */ = {isa = PBXFileReference; explicitFileType = wrapper.application; includeInIndex = 0; path = RSSchool_T8.app; sourceTree = BUILT_PRODUCTS_DIR; };
		6EA7448B26A17C8300FAAEF1 /* AppDelegate.h */ = {isa = PBXFileReference; lastKnownFileType = sourcecode.c.h; path = AppDelegate.h; sourceTree = "<group>"; };
		6EA7448C26A17C8300FAAEF1 /* AppDelegate.m */ = {isa = PBXFileReference; lastKnownFileType = sourcecode.c.objc; path = AppDelegate.m; sourceTree = "<group>"; };
		6EA7449726A17C8600FAAEF1 /* Assets.xcassets */ = {isa = PBXFileReference; lastKnownFileType = folder.assetcatalog; path = Assets.xcassets; sourceTree = "<group>"; };
		6EA7449A26A17C8600FAAEF1 /* Base */ = {isa = PBXFileReference; lastKnownFileType = file.storyboard; name = Base; path = Base.lproj/LaunchScreen.storyboard; sourceTree = "<group>"; };
		6EA7449C26A17C8600FAAEF1 /* Info.plist */ = {isa = PBXFileReference; lastKnownFileType = text.plist.xml; path = Info.plist; sourceTree = "<group>"; };
		6EA7449D26A17C8600FAAEF1 /* main.m */ = {isa = PBXFileReference; lastKnownFileType = sourcecode.c.objc; path = main.m; sourceTree = "<group>"; };
		6EA744B126A17E7000FAAEF1 /* ArtistViewController.h */ = {isa = PBXFileReference; lastKnownFileType = sourcecode.c.h; path = ArtistViewController.h; sourceTree = "<group>"; };
		6EA744B226A17E7000FAAEF1 /* ArtistViewController.m */ = {isa = PBXFileReference; lastKnownFileType = sourcecode.c.objc; path = ArtistViewController.m; sourceTree = "<group>"; };
		6EA744B626A1808700FAAEF1 /* Artist.xib */ = {isa = PBXFileReference; lastKnownFileType = file.xib; path = Artist.xib; sourceTree = "<group>"; };
		6EA744BA26A1830A00FAAEF1 /* Montserrat-Medium.ttf */ = {isa = PBXFileReference; lastKnownFileType = file; name = "Montserrat-Medium.ttf"; path = "../../../../../Downloads/RSSchool_T8_Fonts/Montserrat-Medium.ttf"; sourceTree = "<group>"; };
		6EA744BB26A1830A00FAAEF1 /* Montserrat-Regular.ttf */ = {isa = PBXFileReference; lastKnownFileType = file; name = "Montserrat-Regular.ttf"; path = "../../../../../Downloads/RSSchool_T8_Fonts/Montserrat-Regular.ttf"; sourceTree = "<group>"; };
		6EA744D426A1E5FC00FAAEF1 /* UIColor+AppColor.h */ = {isa = PBXFileReference; lastKnownFileType = sourcecode.c.h; path = "UIColor+AppColor.h"; sourceTree = "<group>"; };
		6EA744D526A1E5FC00FAAEF1 /* UIColor+AppColor.m */ = {isa = PBXFileReference; lastKnownFileType = sourcecode.c.objc; path = "UIColor+AppColor.m"; sourceTree = "<group>"; };
		6EA744DE26A2F58200FAAEF1 /* CanvasView.h */ = {isa = PBXFileReference; lastKnownFileType = sourcecode.c.h; path = CanvasView.h; sourceTree = "<group>"; };
		6EA744DF26A2F58200FAAEF1 /* CanvasView.m */ = {isa = PBXFileReference; lastKnownFileType = sourcecode.c.objc; path = CanvasView.m; sourceTree = "<group>"; };
		6EA744EF26A2FD7500FAAEF1 /* ArtistView.h */ = {isa = PBXFileReference; lastKnownFileType = sourcecode.c.h; path = ArtistView.h; sourceTree = "<group>"; };
		6EA744F026A2FD7500FAAEF1 /* ArtistView.m */ = {isa = PBXFileReference; lastKnownFileType = sourcecode.c.objc; path = ArtistView.m; sourceTree = "<group>"; };
		6EA744FC26A3125E00FAAEF1 /* UIButton+AppButton.h */ = {isa = PBXFileReference; lastKnownFileType = sourcecode.c.h; path = "UIButton+AppButton.h"; sourceTree = "<group>"; };
		6EA744FD26A3125E00FAAEF1 /* UIButton+AppButton.m */ = {isa = PBXFileReference; lastKnownFileType = sourcecode.c.objc; path = "UIButton+AppButton.m"; sourceTree = "<group>"; };
/* End PBXFileReference section */

/* Begin PBXFrameworksBuildPhase section */
		6EA7448526A17C8300FAAEF1 /* Frameworks */ = {
			isa = PBXFrameworksBuildPhase;
			buildActionMask = 2147483647;
			files = (
			);
			runOnlyForDeploymentPostprocessing = 0;
		};
/* End PBXFrameworksBuildPhase section */

/* Begin PBXGroup section */
		6E3DA92626A4550E00B52834 /* Pallete */ = {
			isa = PBXGroup;
			children = (
				6E3DA91626A41D1100B52834 /* PalleteViewController.h */,
				6E3DA91E26A4222C00B52834 /* Pallete.xib */,
				6E3DA93426A4794B00B52834 /* PalleteView.h */,
				6E3DA93526A4794B00B52834 /* PalleteView.m */,
				6E3DA91726A41D1100B52834 /* PalleteViewController.m */,
				6E3DA92826A4728B00B52834 /* HalfPresentationController.h */,
				6E3DA92926A4728B00B52834 /* HalfPresentationController.m */,
				6E3DA94226A49C5200B52834 /* ColorButton.h */,
				6E3DA94326A49C5200B52834 /* ColorButton.m */,
			);
			path = Pallete;
			sourceTree = "<group>";
		};
		6E3DA92C26A473D800B52834 /* Main */ = {
			isa = PBXGroup;
			children = (
				6EA744B126A17E7000FAAEF1 /* ArtistViewController.h */,
				6EA744B626A1808700FAAEF1 /* Artist.xib */,
				6EA744EF26A2FD7500FAAEF1 /* ArtistView.h */,
				6EA744F026A2FD7500FAAEF1 /* ArtistView.m */,
				6EA744B226A17E7000FAAEF1 /* ArtistViewController.m */,
				6E3DA94626A49E1400B52834 /* BaseButton.h */,
				6E3DA94726A49E1400B52834 /* BaseButton.m */,
			);
			path = Main;
			sourceTree = "<group>";
		};
		6EA7447F26A17C8300FAAEF1 = {
			isa = PBXGroup;
			children = (
				6EA7448A26A17C8300FAAEF1 /* RSSchool_T8 */,
				6EA7448926A17C8300FAAEF1 /* Products */,
			);
			sourceTree = "<group>";
		};
		6EA7448926A17C8300FAAEF1 /* Products */ = {
			isa = PBXGroup;
			children = (
				6EA7448826A17C8300FAAEF1 /* RSSchool_T8.app */,
			);
			name = Products;
			sourceTree = "<group>";
		};
		6EA7448A26A17C8300FAAEF1 /* RSSchool_T8 */ = {
			isa = PBXGroup;
			children = (
				6EA744CF26A1A71300FAAEF1 /* Components */,
				6EA744C426A189FE00FAAEF1 /* Application */,
				6EA744B926A182EF00FAAEF1 /* Fonts */,
				6EA744D826A1E6B600FAAEF1 /* Categories */,
			);
			path = RSSchool_T8;
			sourceTree = "<group>";
		};
		6EA744B926A182EF00FAAEF1 /* Fonts */ = {
			isa = PBXGroup;
			children = (
				6EA744BA26A1830A00FAAEF1 /* Montserrat-Medium.ttf */,
				6EA744BB26A1830A00FAAEF1 /* Montserrat-Regular.ttf */,
			);
			path = Fonts;
			sourceTree = "<group>";
		};
		6EA744C426A189FE00FAAEF1 /* Application */ = {
			isa = PBXGroup;
			children = (
				6EA7449D26A17C8600FAAEF1 /* main.m */,
				6EA7449C26A17C8600FAAEF1 /* Info.plist */,
				6EA7449726A17C8600FAAEF1 /* Assets.xcassets */,
				6EA7449926A17C8600FAAEF1 /* LaunchScreen.storyboard */,
				6EA7448B26A17C8300FAAEF1 /* AppDelegate.h */,
				6EA7448C26A17C8300FAAEF1 /* AppDelegate.m */,
			);
			path = Application;
			sourceTree = "<group>";
		};
		6EA744CF26A1A71300FAAEF1 /* Components */ = {
			isa = PBXGroup;
			children = (
				6EA744F726A2FD9500FAAEF1 /* Artist */,
			);
			path = Components;
			sourceTree = "<group>";
		};
		6EA744D826A1E6B600FAAEF1 /* Categories */ = {
			isa = PBXGroup;
			children = (
				6EA744FC26A3125E00FAAEF1 /* UIButton+AppButton.h */,
				6EA744FD26A3125E00FAAEF1 /* UIButton+AppButton.m */,
				6EA744D426A1E5FC00FAAEF1 /* UIColor+AppColor.h */,
				6EA744D526A1E5FC00FAAEF1 /* UIColor+AppColor.m */,
			);
			path = Categories;
			sourceTree = "<group>";
		};
		6EA744F726A2FD9500FAAEF1 /* Artist */ = {
			isa = PBXGroup;
			children = (
				6E3DA92C26A473D800B52834 /* Main */,
				6E3DA92626A4550E00B52834 /* Pallete */,
				6EA744F926A2FDB000FAAEF1 /* Canvas */,
				6E3DA95A26A5C3C800B52834 /* DrawingViewController.swift */,
				6E3DA95D26A5C46600B52834 /* Drawing.xib */,
				6E3DA96D26A5E64600B52834 /* TimerViewController.swift */,
				6E3DA97126A5E88300B52834 /* Timer.xib */,
				6E3DA95926A5C3C700B52834 /* RSSchool_T8-Bridging-Header.h */,
			);
			path = Artist;
			sourceTree = "<group>";
		};
		6EA744F926A2FDB000FAAEF1 /* Canvas */ = {
			isa = PBXGroup;
			children = (
				6EA744DE26A2F58200FAAEF1 /* CanvasView.h */,
				6EA744DF26A2F58200FAAEF1 /* CanvasView.m */,
				6E3DA95226A5AF6200B52834 /* Head.h */,
				6E3DA95326A5AF6200B52834 /* Head.m */,
				6E3DA94D26A5ABA500B52834 /* CanvasViewController.h */,
				6E3DA94E26A5ABA500B52834 /* CanvasViewController.m */,
			);
			path = Canvas;
			sourceTree = "<group>";
		};
/* End PBXGroup section */

/* Begin PBXNativeTarget section */
		6EA7448726A17C8300FAAEF1 /* RSSchool_T8 */ = {
			isa = PBXNativeTarget;
			buildConfigurationList = 6EA744A126A17C8600FAAEF1 /* Build configuration list for PBXNativeTarget "RSSchool_T8" */;
			buildPhases = (
				6EA7448426A17C8300FAAEF1 /* Sources */,
				6EA7448526A17C8300FAAEF1 /* Frameworks */,
				6EA7448626A17C8300FAAEF1 /* Resources */,
			);
			buildRules = (
			);
			dependencies = (
			);
			name = RSSchool_T8;
			productName = RSSchool_T8;
			productReference = 6EA7448826A17C8300FAAEF1 /* RSSchool_T8.app */;
			productType = "com.apple.product-type.application";
		};
/* End PBXNativeTarget section */

/* Begin PBXProject section */
		6EA7448026A17C8300FAAEF1 /* Project object */ = {
			isa = PBXProject;
			attributes = {
				LastUpgradeCheck = 1240;
				TargetAttributes = {
					6EA7448726A17C8300FAAEF1 = {
						CreatedOnToolsVersion = 12.4;
						LastSwiftMigration = 1240;
					};
				};
			};
			buildConfigurationList = 6EA7448326A17C8300FAAEF1 /* Build configuration list for PBXProject "RSSchool_T8" */;
			compatibilityVersion = "Xcode 9.3";
			developmentRegion = en;
			hasScannedForEncodings = 0;
			knownRegions = (
				en,
				Base,
			);
			mainGroup = 6EA7447F26A17C8300FAAEF1;
			productRefGroup = 6EA7448926A17C8300FAAEF1 /* Products */;
			projectDirPath = "";
			projectRoot = "";
			targets = (
				6EA7448726A17C8300FAAEF1 /* RSSchool_T8 */,
			);
		};
/* End PBXProject section */

/* Begin PBXResourcesBuildPhase section */
		6EA7448626A17C8300FAAEF1 /* Resources */ = {
			isa = PBXResourcesBuildPhase;
			buildActionMask = 2147483647;
			files = (
				6EA7449B26A17C8600FAAEF1 /* LaunchScreen.storyboard in Resources */,
				6E3DA91F26A4222C00B52834 /* Pallete.xib in Resources */,
				6EA744B726A1808700FAAEF1 /* Artist.xib in Resources */,
				6E3DA97226A5E88300B52834 /* Timer.xib in Resources */,
				6E3DA95E26A5C46600B52834 /* Drawing.xib in Resources */,
				6EA744C126A1837400FAAEF1 /* Montserrat-Medium.ttf in Resources */,
				6EA744C226A1837400FAAEF1 /* Montserrat-Regular.ttf in Resources */,
				6EA7449826A17C8600FAAEF1 /* Assets.xcassets in Resources */,
			);
			runOnlyForDeploymentPostprocessing = 0;
		};
/* End PBXResourcesBuildPhase section */

/* Begin PBXSourcesBuildPhase section */
		6EA7448426A17C8300FAAEF1 /* Sources */ = {
			isa = PBXSourcesBuildPhase;
			buildActionMask = 2147483647;
			files = (
				6E3DA91826A41D1100B52834 /* PalleteViewController.m in Sources */,
				6E3DA95426A5AF6200B52834 /* Head.m in Sources */,
				6EA7448D26A17C8300FAAEF1 /* AppDelegate.m in Sources */,
				6E3DA93626A4794B00B52834 /* PalleteView.m in Sources */,
				6E3DA94F26A5ABA500B52834 /* CanvasViewController.m in Sources */,
				6E3DA94426A49C5200B52834 /* ColorButton.m in Sources */,
				6EA744D626A1E5FC00FAAEF1 /* UIColor+AppColor.m in Sources */,
				6E3DA96E26A5E64600B52834 /* TimerViewController.swift in Sources */,
				6EA744B326A17E7000FAAEF1 /* ArtistViewController.m in Sources */,
				6EA744F126A2FD7500FAAEF1 /* ArtistView.m in Sources */,
				6EA744FE26A3125E00FAAEF1 /* UIButton+AppButton.m in Sources */,
				6EA7449E26A17C8600FAAEF1 /* main.m in Sources */,
				6EA744E026A2F58200FAAEF1 /* CanvasView.m in Sources */,
				6E3DA94826A49E1400B52834 /* BaseButton.m in Sources */,
				6E3DA92A26A4728B00B52834 /* HalfPresentationController.m in Sources */,
				6E3DA95B26A5C3C800B52834 /* DrawingViewController.swift in Sources */,
			);
			runOnlyForDeploymentPostprocessing = 0;
		};
/* End PBXSourcesBuildPhase section */

/* Begin PBXVariantGroup section */
		6EA7449926A17C8600FAAEF1 /* LaunchScreen.storyboard */ = {
			isa = PBXVariantGroup;
			children = (
				6EA7449A26A17C8600FAAEF1 /* Base */,
			);
			name = LaunchScreen.storyboard;
			sourceTree = "<group>";
		};
/* End PBXVariantGroup section */

/* Begin XCBuildConfiguration section */
		6EA7449F26A17C8600FAAEF1 /* Debug */ = {
			isa = XCBuildConfiguration;
			buildSettings = {
				ALWAYS_SEARCH_USER_PATHS = NO;
				CLANG_ANALYZER_NONNULL = YES;
				CLANG_ANALYZER_NUMBER_OBJECT_CONVERSION = YES_AGGRESSIVE;
				CLANG_CXX_LANGUAGE_STANDARD = "gnu++14";
				CLANG_CXX_LIBRARY = "libc++";
				CLANG_ENABLE_MODULES = YES;
				CLANG_ENABLE_OBJC_ARC = YES;
				CLANG_ENABLE_OBJC_WEAK = YES;
				CLANG_WARN_BLOCK_CAPTURE_AUTORELEASING = YES;
				CLANG_WARN_BOOL_CONVERSION = YES;
				CLANG_WARN_COMMA = YES;
				CLANG_WARN_CONSTANT_CONVERSION = YES;
				CLANG_WARN_DEPRECATED_OBJC_IMPLEMENTATIONS = YES;
				CLANG_WARN_DIRECT_OBJC_ISA_USAGE = YES_ERROR;
				CLANG_WARN_DOCUMENTATION_COMMENTS = YES;
				CLANG_WARN_EMPTY_BODY = YES;
				CLANG_WARN_ENUM_CONVERSION = YES;
				CLANG_WARN_INFINITE_RECURSION = YES;
				CLANG_WARN_INT_CONVERSION = YES;
				CLANG_WARN_NON_LITERAL_NULL_CONVERSION = YES;
				CLANG_WARN_OBJC_IMPLICIT_RETAIN_SELF = YES;
				CLANG_WARN_OBJC_LITERAL_CONVERSION = YES;
				CLANG_WARN_OBJC_ROOT_CLASS = YES_ERROR;
				CLANG_WARN_QUOTED_INCLUDE_IN_FRAMEWORK_HEADER = YES;
				CLANG_WARN_RANGE_LOOP_ANALYSIS = YES;
				CLANG_WARN_STRICT_PROTOTYPES = YES;
				CLANG_WARN_SUSPICIOUS_MOVE = YES;
				CLANG_WARN_UNGUARDED_AVAILABILITY = YES_AGGRESSIVE;
				CLANG_WARN_UNREACHABLE_CODE = YES;
				CLANG_WARN__DUPLICATE_METHOD_MATCH = YES;
				COPY_PHASE_STRIP = NO;
				DEBUG_INFORMATION_FORMAT = dwarf;
				ENABLE_STRICT_OBJC_MSGSEND = YES;
				ENABLE_TESTABILITY = YES;
				GCC_C_LANGUAGE_STANDARD = gnu11;
				GCC_DYNAMIC_NO_PIC = NO;
				GCC_NO_COMMON_BLOCKS = YES;
				GCC_OPTIMIZATION_LEVEL = 0;
				GCC_PREPROCESSOR_DEFINITIONS = (
					"DEBUG=1",
					"$(inherited)",
				);
				GCC_WARN_64_TO_32_BIT_CONVERSION = YES;
				GCC_WARN_ABOUT_RETURN_TYPE = YES_ERROR;
				GCC_WARN_UNDECLARED_SELECTOR = YES;
				GCC_WARN_UNINITIALIZED_AUTOS = YES_AGGRESSIVE;
				GCC_WARN_UNUSED_FUNCTION = YES;
				GCC_WARN_UNUSED_VARIABLE = YES;
				IPHONEOS_DEPLOYMENT_TARGET = 12.1;
				MTL_ENABLE_DEBUG_INFO = INCLUDE_SOURCE;
				MTL_FAST_MATH = YES;
				ONLY_ACTIVE_ARCH = YES;
				SDKROOT = iphoneos;
			};
			name = Debug;
		};
		6EA744A026A17C8600FAAEF1 /* Release */ = {
			isa = XCBuildConfiguration;
			buildSettings = {
				ALWAYS_SEARCH_USER_PATHS = NO;
				CLANG_ANALYZER_NONNULL = YES;
				CLANG_ANALYZER_NUMBER_OBJECT_CONVERSION = YES_AGGRESSIVE;
				CLANG_CXX_LANGUAGE_STANDARD = "gnu++14";
				CLANG_CXX_LIBRARY = "libc++";
				CLANG_ENABLE_MODULES = YES;
				CLANG_ENABLE_OBJC_ARC = YES;
				CLANG_ENABLE_OBJC_WEAK = YES;
				CLANG_WARN_BLOCK_CAPTURE_AUTORELEASING = YES;
				CLANG_WARN_BOOL_CONVERSION = YES;
				CLANG_WARN_COMMA = YES;
				CLANG_WARN_CONSTANT_CONVERSION = YES;
				CLANG_WARN_DEPRECATED_OBJC_IMPLEMENTATIONS = YES;
				CLANG_WARN_DIRECT_OBJC_ISA_USAGE = YES_ERROR;
				CLANG_WARN_DOCUMENTATION_COMMENTS = YES;
				CLANG_WARN_EMPTY_BODY = YES;
				CLANG_WARN_ENUM_CONVERSION = YES;
				CLANG_WARN_INFINITE_RECURSION = YES;
				CLANG_WARN_INT_CONVERSION = YES;
				CLANG_WARN_NON_LITERAL_NULL_CONVERSION = YES;
				CLANG_WARN_OBJC_IMPLICIT_RETAIN_SELF = YES;
				CLANG_WARN_OBJC_LITERAL_CONVERSION = YES;
				CLANG_WARN_OBJC_ROOT_CLASS = YES_ERROR;
				CLANG_WARN_QUOTED_INCLUDE_IN_FRAMEWORK_HEADER = YES;
				CLANG_WARN_RANGE_LOOP_ANALYSIS = YES;
				CLANG_WARN_STRICT_PROTOTYPES = YES;
				CLANG_WARN_SUSPICIOUS_MOVE = YES;
				CLANG_WARN_UNGUARDED_AVAILABILITY = YES_AGGRESSIVE;
				CLANG_WARN_UNREACHABLE_CODE = YES;
				CLANG_WARN__DUPLICATE_METHOD_MATCH = YES;
				COPY_PHASE_STRIP = NO;
				DEBUG_INFORMATION_FORMAT = "dwarf-with-dsym";
				ENABLE_NS_ASSERTIONS = NO;
				ENABLE_STRICT_OBJC_MSGSEND = YES;
				GCC_C_LANGUAGE_STANDARD = gnu11;
				GCC_NO_COMMON_BLOCKS = YES;
				GCC_WARN_64_TO_32_BIT_CONVERSION = YES;
				GCC_WARN_ABOUT_RETURN_TYPE = YES_ERROR;
				GCC_WARN_UNDECLARED_SELECTOR = YES;
				GCC_WARN_UNINITIALIZED_AUTOS = YES_AGGRESSIVE;
				GCC_WARN_UNUSED_FUNCTION = YES;
				GCC_WARN_UNUSED_VARIABLE = YES;
				IPHONEOS_DEPLOYMENT_TARGET = 12.1;
				MTL_ENABLE_DEBUG_INFO = NO;
				MTL_FAST_MATH = YES;
				SDKROOT = iphoneos;
				VALIDATE_PRODUCT = YES;
			};
			name = Release;
		};
		6EA744A226A17C8600FAAEF1 /* Debug */ = {
			isa = XCBuildConfiguration;
			buildSettings = {
				ASSETCATALOG_COMPILER_APPICON_NAME = AppIcon;
				ASSETCATALOG_COMPILER_GLOBAL_ACCENT_COLOR_NAME = AccentColor;
				CLANG_ENABLE_MODULES = YES;
				CODE_SIGN_STYLE = Automatic;
				DEFINES_MODULE = YES;
				DEVELOPMENT_TEAM = 97TSG2SA93;
				INFOPLIST_FILE = RSSchool_T8/Application/Info.plist;
				IPHONEOS_DEPLOYMENT_TARGET = 12.1;
				LD_RUNPATH_SEARCH_PATHS = (
					"$(inherited)",
					"@executable_path/Frameworks",
				);
				PRODUCT_BUNDLE_IDENTIFIER = "com.artyomsog.RSSchool-T8";
				PRODUCT_NAME = "$(TARGET_NAME)";
				SWIFT_OBJC_BRIDGING_HEADER = "RSSchool_T8/Components/Artist/RSSchool_T8-Bridging-Header.h";
				SWIFT_OPTIMIZATION_LEVEL = "-Onone";
				SWIFT_VERSION = 5.0;
				TARGETED_DEVICE_FAMILY = "1,2";
			};
			name = Debug;
		};
		6EA744A326A17C8600FAAEF1 /* Release */ = {
			isa = XCBuildConfiguration;
			buildSettings = {
				ASSETCATALOG_COMPILER_APPICON_NAME = AppIcon;
				ASSETCATALOG_COMPILER_GLOBAL_ACCENT_COLOR_NAME = AccentColor;
				CLANG_ENABLE_MODULES = YES;
				CODE_SIGN_STYLE = Automatic;
				DEFINES_MODULE = YES;
				DEVELOPMENT_TEAM = 97TSG2SA93;
				INFOPLIST_FILE = RSSchool_T8/Application/Info.plist;
				IPHONEOS_DEPLOYMENT_TARGET = 12.1;
				LD_RUNPATH_SEARCH_PATHS = (
					"$(inherited)",
					"@executable_path/Frameworks",
				);
				PRODUCT_BUNDLE_IDENTIFIER = "com.artyomsog.RSSchool-T8";
				PRODUCT_NAME = "$(TARGET_NAME)";
				SWIFT_OBJC_BRIDGING_HEADER = "RSSchool_T8/Components/Artist/RSSchool_T8-Bridging-Header.h";
				SWIFT_VERSION = 5.0;
				TARGETED_DEVICE_FAMILY = "1,2";
			};
			name = Release;
		};
/* End XCBuildConfiguration section */

/* Begin XCConfigurationList section */
		6EA7448326A17C8300FAAEF1 /* Build configuration list for PBXProject "RSSchool_T8" */ = {
			isa = XCConfigurationList;
			buildConfigurations = (
				6EA7449F26A17C8600FAAEF1 /* Debug */,
				6EA744A026A17C8600FAAEF1 /* Release */,
			);
			defaultConfigurationIsVisible = 0;
			defaultConfigurationName = Release;
		};
		6EA744A126A17C8600FAAEF1 /* Build configuration list for PBXNativeTarget "RSSchool_T8" */ = {
			isa = XCConfigurationList;
			buildConfigurations = (
				6EA744A226A17C8600FAAEF1 /* Debug */,
				6EA744A326A17C8600FAAEF1 /* Release */,
			);
			defaultConfigurationIsVisible = 0;
			defaultConfigurationName = Release;
		};
/* End XCConfigurationList section */
	};
	rootObject = 6EA7448026A17C8300FAAEF1 /* Project object */;
}
